PODS:
  - Flutter (1.0.0)
  - flutter_platform_view_multi_tap_test (0.0.1):
    - Flutter

DEPENDENCIES:
  - Flutter (from `Flutter`)
  - flutter_platform_view_multi_tap_test (from `.symlinks/plugins/flutter_platform_view_multi_tap_test/ios`)

EXTERNAL SOURCES:
  Flutter:
    :path: Flutter
  flutter_platform_view_multi_tap_test:
    :path: ".symlinks/plugins/flutter_platform_view_multi_tap_test/ios"

SPEC CHECKSUMS:
  Flutter: 50d75fe2f02b26cc09d224853bb45737f8b3214a
  flutter_platform_view_multi_tap_test: 7263adb56225f6872cc29dc0f6621dacb5131074

PODFILE CHECKSUM: aafe91acc616949ddb318b77800a7f51bffa2a4c

COCOAPODS: 1.11.2
